
Microsoft Visual Studio Solution File, Format Version 12.00
# Visual Studio Version 17
VisualStudioVersion = 17.7.34003.232
MinimumVisualStudioVersion = 10.0.40219.1
Project("{FAE04EC0-301F-11D3-BF4B-00C04F79EFBC}") = "Glidewell - ImageApp", "Glidewell - ImageApp\Glidewell - ImageApp.csproj", "{A5D2A630-BD13-4D61-8C50-34104BD8F7DF}"
EndProject
Global
	GlobalSection(SolutionConfigurationPlatforms) = preSolution
		Debug|Any CPU = Debug|Any CPU
		Release|Any CPU = Release|Any CPU
	EndGlobalSection
	GlobalSection(ProjectConfigurationPlatforms) = postSolution
		{A5D2A630-BD13-4D61-8C50-34104BD8F7DF}.Debug|Any CPU.ActiveCfg = Debug|Any CPU
		{A5D2A630-BD13-4D61-8C50-34104BD8F7DF}.Debug|Any CPU.Build.0 = Debug|Any CPU
		{A5D2A630-BD13-4D61-8C50-34104BD8F7DF}.Release|Any CPU.ActiveCfg = Release|Any CPU
		{A5D2A630-BD13-4D61-8C50-34104BD8F7DF}.Release|Any CPU.Build.0 = Release|Any CPU
	EndGlobalSection
	GlobalSection(SolutionProperties) = preSolution
		HideSolutionNode = FALSE
	EndGlobalSection
	GlobalSection(ExtensibilityGlobals) = postSolution
		SolutionGuid = {B064A923-379E-46AB-8FA3-5CC2C95B4BB9}
	EndGlobalSection
EndGlobal
